
Microsoft Visual Studio Solution File, Format Version 12.00
Project("{FAE04EC0-301F-11D3-BF4B-00C04F79EFBC}") = "LocalPost", "src\LocalPost\LocalPost.csproj", "{474D2C1A-5557-4ED9-AF20-FE195D4C1AF7}"
EndProject
Project("{FAE04EC0-301F-11D3-BF4B-00C04F79EFBC}") = "SampleWebApp", "samples\SampleWebApp\SampleWebApp.csproj", "{46FC61E6-D0FB-4D7D-A81B-20EF8D8D1F4E}"
EndProject
Project("{FAE04EC0-301F-11D3-BF4B-00C04F79EFBC}") = "LocalPost.AmazonSns", "src\LocalPost.AmazonSns\LocalPost.AmazonSns.csproj", "{D256C568-2B42-4DCC-AB54-15B512A99C44}"
EndProject
Project("{FAE04EC0-301F-11D3-BF4B-00C04F79EFBC}") = "LocalPost.Tests", "tests\LocalPost.Tests\LocalPost.Tests.csproj", "{0E69A423-5F70-4BA7-8015-0AB0BC4B6FD2}"
EndProject
Project("{FAE04EC0-301F-11D3-BF4B-00C04F79EFBC}") = "LocalPost.AmazonSns.Tests", "tests\LocalPost.AmazonSns.Tests\LocalPost.AmazonSns.Tests.csproj", "{0B8929F4-E220-45A9-A279-41F5D94A8C1B}"
EndProject
Global
	GlobalSection(SolutionConfigurationPlatforms) = preSolution
		Debug|Any CPU = Debug|Any CPU
		Release|Any CPU = Release|Any CPU
	EndGlobalSection
	GlobalSection(ProjectConfigurationPlatforms) = postSolution
		{474D2C1A-5557-4ED9-AF20-FE195D4C1AF7}.Debug|Any CPU.ActiveCfg = Debug|Any CPU
		{474D2C1A-5557-4ED9-AF20-FE195D4C1AF7}.Debug|Any CPU.Build.0 = Debug|Any CPU
		{474D2C1A-5557-4ED9-AF20-FE195D4C1AF7}.Release|Any CPU.ActiveCfg = Release|Any CPU
		{474D2C1A-5557-4ED9-AF20-FE195D4C1AF7}.Release|Any CPU.Build.0 = Release|Any CPU
		{46FC61E6-D0FB-4D7D-A81B-20EF8D8D1F4E}.Debug|Any CPU.ActiveCfg = Debug|Any CPU
		{46FC61E6-D0FB-4D7D-A81B-20EF8D8D1F4E}.Debug|Any CPU.Build.0 = Debug|Any CPU
		{46FC61E6-D0FB-4D7D-A81B-20EF8D8D1F4E}.Release|Any CPU.ActiveCfg = Release|Any CPU
		{46FC61E6-D0FB-4D7D-A81B-20EF8D8D1F4E}.Release|Any CPU.Build.0 = Release|Any CPU
		{D256C568-2B42-4DCC-AB54-15B512A99C44}.Debug|Any CPU.ActiveCfg = Debug|Any CPU
		{D256C568-2B42-4DCC-AB54-15B512A99C44}.Debug|Any CPU.Build.0 = Debug|Any CPU
		{D256C568-2B42-4DCC-AB54-15B512A99C44}.Release|Any CPU.ActiveCfg = Release|Any CPU
		{D256C568-2B42-4DCC-AB54-15B512A99C44}.Release|Any CPU.Build.0 = Release|Any CPU
		{0E69A423-5F70-4BA7-8015-0AB0BC4B6FD2}.Debug|Any CPU.ActiveCfg = Debug|Any CPU
		{0E69A423-5F70-4BA7-8015-0AB0BC4B6FD2}.Debug|Any CPU.Build.0 = Debug|Any CPU
		{0E69A423-5F70-4BA7-8015-0AB0BC4B6FD2}.Release|Any CPU.ActiveCfg = Release|Any CPU
		{0E69A423-5F70-4BA7-8015-0AB0BC4B6FD2}.Release|Any CPU.Build.0 = Release|Any CPU
		{0B8929F4-E220-45A9-A279-41F5D94A8C1B}.Debug|Any CPU.ActiveCfg = Debug|Any CPU
		{0B8929F4-E220-45A9-A279-41F5D94A8C1B}.Debug|Any CPU.Build.0 = Debug|Any CPU
		{0B8929F4-E220-45A9-A279-41F5D94A8C1B}.Release|Any CPU.ActiveCfg = Release|Any CPU
		{0B8929F4-E220-45A9-A279-41F5D94A8C1B}.Release|Any CPU.Build.0 = Release|Any CPU
	EndGlobalSection
EndGlobal
